
Microsoft Visual Studio Solution File, Format Version 12.00
# Visual Studio Version 17
VisualStudioVersion = 17.9.34728.123
MinimumVisualStudioVersion = 10.0.40219.1
Project("{9A19103F-16F7-4668-BE54-9A1E7A4F7556}") = "Api.SAT", "API\Api.SAT.csproj", "{014B3082-AB39-418D-B209-1343E0FF5466}"
EndProject
Global
	GlobalSection(SolutionConfigurationPlatforms) = preSolution
		Debug|Any CPU = Debug|Any CPU
		Release|Any CPU = Release|Any CPU
	EndGlobalSection
	GlobalSection(ProjectConfigurationPlatforms) = postSolution
		{014B3082-AB39-418D-B209-1343E0FF5466}.Debug|Any CPU.ActiveCfg = Debug|Any CPU
		{014B3082-AB39-418D-B209-1343E0FF5466}.Debug|Any CPU.Build.0 = Debug|Any CPU
		{014B3082-AB39-418D-B209-1343E0FF5466}.Release|Any CPU.ActiveCfg = Release|Any CPU
		{014B3082-AB39-418D-B209-1343E0FF5466}.Release|Any CPU.Build.0 = Release|Any CPU
	EndGlobalSection
	GlobalSection(SolutionProperties) = preSolution
		HideSolutionNode = FALSE
	EndGlobalSection
	GlobalSection(ExtensibilityGlobals) = postSolution
		SolutionGuid = {F3E456B4-D199-4FF8-BF8A-712817537F56}
	EndGlobalSection
EndGlobal
